
Microsoft Visual Studio Solution File, Format Version 12.00
# Visual Studio Version 16
VisualStudioVersion = 16.0.31410.357
MinimumVisualStudioVersion = 10.0.40219.1
Project("{FAE04EC0-301F-11D3-BF4B-00C04F79EFBC}") = "IdentitySample", "IdentitySample\IdentitySample.csproj", "{CE5AD732-067A-480C-B318-E2E8003C7879}"
EndProject
Global
	GlobalSection(SolutionConfigurationPlatforms) = preSolution
		Debug|Any CPU = Debug|Any CPU
		Release|Any CPU = Release|Any CPU
	EndGlobalSection
	GlobalSection(ProjectConfigurationPlatforms) = postSolution
		{CE5AD732-067A-480C-B318-E2E8003C7879}.Debug|Any CPU.ActiveCfg = Debug|Any CPU
		{CE5AD732-067A-480C-B318-E2E8003C7879}.Debug|Any CPU.Build.0 = Debug|Any CPU
		{CE5AD732-067A-480C-B318-E2E8003C7879}.Release|Any CPU.ActiveCfg = Release|Any CPU
		{CE5AD732-067A-480C-B318-E2E8003C7879}.Release|Any CPU.Build.0 = Release|Any CPU
	EndGlobalSection
	GlobalSection(SolutionProperties) = preSolution
		HideSolutionNode = FALSE
	EndGlobalSection
	GlobalSection(ExtensibilityGlobals) = postSolution
		SolutionGuid = {BCA36E91-AB06-4599-B01E-AD1CED3E5EE9}
	EndGlobalSection
EndGlobal
